
Microsoft Visual Studio Solution File, Format Version 12.00
# Visual Studio Version 17
VisualStudioVersion = 17.0.31903.59
MinimumVisualStudioVersion = 10.0.40219.1
Project("{2150E333-8FDC-42A3-9474-1A3956D46DE8}") = "src", "src", "{458B1403-ADB3-41D1-A3F7-647E31ED4F12}"
EndProject
Project("{9A19103F-16F7-4668-BE54-9A1E7A4F7556}") = "ApplicationCore", "src\ApplicationCore\ApplicationCore.csproj", "{532694BF-FB1B-441A-9C52-C95268C0559B}"
EndProject
Project("{9A19103F-16F7-4668-BE54-9A1E7A4F7556}") = "Infrastructure", "src\Infrastructure\Infrastructure.csproj", "{5F817BE6-5DED-4099-82CF-EC56A12333A0}"
EndProject
Project("{FAE04EC0-301F-11D3-BF4B-00C04F79EFBC}") = "Application", "src\Application\Application.csproj", "{64151C72-EE4F-464D-9C36-F3615F3607AA}"
EndProject
Project("{FAE04EC0-301F-11D3-BF4B-00C04F79EFBC}") = "WebApi", "src\WebApi\WebApi.csproj", "{803EF05D-F4DE-484E-ABAE-D23FB4B7BE46}"
EndProject
Global
	GlobalSection(SolutionConfigurationPlatforms) = preSolution
		Debug|Any CPU = Debug|Any CPU
		Release|Any CPU = Release|Any CPU
	EndGlobalSection
	GlobalSection(ProjectConfigurationPlatforms) = postSolution
		{532694BF-FB1B-441A-9C52-C95268C0559B}.Debug|Any CPU.ActiveCfg = Debug|Any CPU
		{532694BF-FB1B-441A-9C52-C95268C0559B}.Debug|Any CPU.Build.0 = Debug|Any CPU
		{532694BF-FB1B-441A-9C52-C95268C0559B}.Release|Any CPU.ActiveCfg = Release|Any CPU
		{532694BF-FB1B-441A-9C52-C95268C0559B}.Release|Any CPU.Build.0 = Release|Any CPU
		{5F817BE6-5DED-4099-82CF-EC56A12333A0}.Debug|Any CPU.ActiveCfg = Debug|Any CPU
		{5F817BE6-5DED-4099-82CF-EC56A12333A0}.Debug|Any CPU.Build.0 = Debug|Any CPU
		{5F817BE6-5DED-4099-82CF-EC56A12333A0}.Release|Any CPU.ActiveCfg = Release|Any CPU
		{5F817BE6-5DED-4099-82CF-EC56A12333A0}.Release|Any CPU.Build.0 = Release|Any CPU
		{64151C72-EE4F-464D-9C36-F3615F3607AA}.Debug|Any CPU.ActiveCfg = Debug|Any CPU
		{64151C72-EE4F-464D-9C36-F3615F3607AA}.Debug|Any CPU.Build.0 = Debug|Any CPU
		{64151C72-EE4F-464D-9C36-F3615F3607AA}.Release|Any CPU.ActiveCfg = Release|Any CPU
		{64151C72-EE4F-464D-9C36-F3615F3607AA}.Release|Any CPU.Build.0 = Release|Any CPU
		{803EF05D-F4DE-484E-ABAE-D23FB4B7BE46}.Debug|Any CPU.ActiveCfg = Debug|Any CPU
		{803EF05D-F4DE-484E-ABAE-D23FB4B7BE46}.Debug|Any CPU.Build.0 = Debug|Any CPU
		{803EF05D-F4DE-484E-ABAE-D23FB4B7BE46}.Release|Any CPU.ActiveCfg = Release|Any CPU
		{803EF05D-F4DE-484E-ABAE-D23FB4B7BE46}.Release|Any CPU.Build.0 = Release|Any CPU
	EndGlobalSection
	GlobalSection(SolutionProperties) = preSolution
		HideSolutionNode = FALSE
	EndGlobalSection
	GlobalSection(NestedProjects) = preSolution
		{532694BF-FB1B-441A-9C52-C95268C0559B} = {458B1403-ADB3-41D1-A3F7-647E31ED4F12}
		{5F817BE6-5DED-4099-82CF-EC56A12333A0} = {458B1403-ADB3-41D1-A3F7-647E31ED4F12}
		{64151C72-EE4F-464D-9C36-F3615F3607AA} = {458B1403-ADB3-41D1-A3F7-647E31ED4F12}
		{803EF05D-F4DE-484E-ABAE-D23FB4B7BE46} = {458B1403-ADB3-41D1-A3F7-647E31ED4F12}
	EndGlobalSection
EndGlobal
